{
  "version": 4,
  "terraform_version": "0.12.26",
  "serial": 24,
  "lineage": "5660f7d8-47c5-b9b6-5ec9-7665b3c68dc1",
  "outputs": {},
  "resources": [
    {
      "mode": "managed",
      "type": "google_container_cluster",
      "name": "garry-cluster",
      "provider": "provider.google",
      "instances": [
        {
          "schema_version": 1,
          "attributes": {
            "additional_zones": [
              "us-west1-a",
              "us-west1-b",
              "us-west1-c"
            ],
            "addons_config": [
              {
                "horizontal_pod_autoscaling": [],
                "http_load_balancing": [],
                "kubernetes_dashboard": [
                  {
                    "disabled": true
                  }
                ],
                "network_policy_config": [
                  {
                    "disabled": false
                  }
                ]
              }
            ],
            "cluster_autoscaling": [],
            "cluster_ipv4_cidr": "10.24.0.0/14",
            "default_max_pods_per_node": null,
            "description": "",
            "enable_binary_authorization": null,
            "enable_intranode_visibility": null,
            "enable_kubernetes_alpha": false,
            "enable_legacy_abac": false,
            "enable_tpu": null,
            "endpoint": "34.105.47.171",
            "id": "k8s-platform",
            "initial_node_count": 1,
            "instance_group_urls": [],
            "ip_allocation_policy": [
              {
                "cluster_ipv4_cidr_block": "",
                "cluster_secondary_range_name": "",
                "create_subnetwork": false,
                "node_ipv4_cidr_block": "10.138.0.0/20",
                "services_ipv4_cidr_block": "",
                "services_secondary_range_name": "",
                "subnetwork_name": "",
                "use_ip_aliases": false
              }
            ],
            "location": "us-west1",
            "logging_service": "logging.googleapis.com/kubernetes",
            "maintenance_policy": [
              {
                "daily_maintenance_window": [
                  {
                    "duration": "PT4H0M0S",
                    "start_time": "04:00"
                  }
                ]
              }
            ],
            "master_auth": [
              {
                "client_certificate": "",
                "client_certificate_config": [
                  {
                    "issue_client_certificate": false
                  }
                ],
                "client_key": "",
                "cluster_ca_certificate": "LS0tLS1CRUdJTiBDRVJUSUZJQ0FURS0tLS0tCk1JSURLekNDQWhPZ0F3SUJBZ0lSQUlPUXVjNkhYTW1hdHFLUjkyaDQyUDB3RFFZSktvWklodmNOQVFFTEJRQXcKTHpFdE1Dc0dBMVVFQXhNa1lUWTVaVFkxTldJdE1qZ3hPQzAwTVRBM0xXRmhNbVF0TlRrMFptWTNNMkkzWVRSawpNQjRYRFRJd01EZ3hOREExTURVd04xb1hEVEkxTURneE16QTJNRFV3TjFvd0x6RXRNQ3NHQTFVRUF4TWtZVFk1ClpUWTFOV0l0TWpneE9DMDBNVEEzTFdGaE1tUXROVGswWm1ZM00ySTNZVFJrTUlJQklqQU5CZ2txaGtpRzl3MEIKQVFFRkFBT0NBUThBTUlJQkNnS0NBUUVBOEs0dTZWbE8zTWJ6cXFtY3g5ZXhCbWV3WEw3eDlaT0FxMWM2V3ppSApEbklkNC9tbHFMWjQ2TDRUTEdIalZ2ZVdZOWV3dTMwQ0ZzOUpNTEdpdzNiT250STI1Nnl5T3RFRGFKbC9rZ2xJCjZnQ1F4cTZBWFU0aXY1MHlMV2pyKzJIZkluOTFGcE5ydGZiTUJvTStjbVBwNUppdlN5VDNyd2drSVJGTzVOWnAKUkFJckkyaFdDQnNxN2V4QVJ6dnFYUDhodXp1am9UUUlVS1d5aksxS1QwOWhyMFRGUnY4WkVtNmNKMlZUYy9oTAo0Wmp0eitpMElCazNENW50emJEQnFJZUNiUGxqSHprNnVZSTdiM3gzYmN5VkdWejNVOXUrR0hOaHpFUTJuV1NtCmNQY3hXNFovcm82RXZvdFhGeCtIV0ZvY2NjMmtweWtHOU51LzlveDRjUDh3cndJREFRQUJvMEl3UURBT0JnTlYKSFE4QkFmOEVCQU1DQWdRd0R3WURWUjBUQVFIL0JBVXdBd0VCL3pBZEJnTlZIUTRFRmdRVWRFRHplcXgrMTVmdQpBK3g1cndMY2l6ajRYVHd3RFFZSktvWklodmNOQVFFTEJRQURnZ0VCQUFpR0hIR1F2K2haaVdibHZWU1NiNUlXCkRiZ2pEODZRWXhrNzE2WkpaeFJKU3JWYU15YnFMeTZBdVFrR0Rmcm9MektEa0p0ZXM3SDU4UE9TRHYyMjYwdTYKWC9HVmQ5MkwzbXczMHNPUnJvR0JVVEs2R2diUFJaZVBWOEtJWWYvRFNJeFA3SzF4UlhWMW5TaUo3MUhYTnpwbgpWVzdnVy9pS01ZMWZ2b2tNQ3JQSDhvQTBaUFUydGJ5VllpOXU1NGpEQzlmWFM2b2RWVFZEYSttYUdqL1BkSkg1ClZTVUlLVldZaksrcFZHMVFFRHBHSXR4REJDdWRWdUlObkVIQzQ1MU9ETjMzVVE0aTYxTTViVU0rVTdDWTdoVUQKTFNxRlR6NWFzUkg2WEhEVGRuRllEMXgwS1pFWkVYUjVXSHg5N0tqZ1p1UU9COXE5b1FXYThYb0VLOExWY2gwPQotLS0tLUVORCBDRVJUSUZJQ0FURS0tLS0tCg==",
                "password": "",
                "username": ""
              }
            ],
            "master_authorized_networks_config": [],
            "master_version": "1.16.13-gke.1",
            "min_master_version": "latest",
            "monitoring_service": "monitoring.googleapis.com/kubernetes",
            "name": "k8s-platform",
            "network": "projects/kuber-72586/global/networks/default",
            "network_policy": [
              {
                "enabled": true,
                "provider": "CALICO"
              }
            ],
            "node_config": [],
            "node_locations": [
              "us-west1-a",
              "us-west1-b",
              "us-west1-c"
            ],
            "node_pool": [],
            "node_version": "1.16.13-gke.1",
            "pod_security_policy_config": [],
            "private_cluster_config": [],
            "project": "kuber-72586",
            "region": "us-west1",
            "remove_default_node_pool": true,
            "resource_labels": null,
            "services_ipv4_cidr": "10.27.240.0/20",
            "subnetwork": "projects/kuber-72586/regions/us-west1/subnetworks/default",
            "timeouts": {
              "create": null,
              "delete": null,
              "update": "20m"
            },
            "zone": null
          },
          "private": "eyJlMmJmYjczMC1lY2FhLTExZTYtOGY4OC0zNDM2M2JjN2M0YzAiOnsiY3JlYXRlIjoxODAwMDAwMDAwMDAwLCJkZWxldGUiOjE4MDAwMDAwMDAwMDAsInVwZGF0ZSI6MTIwMDAwMDAwMDAwMH0sInNjaGVtYV92ZXJzaW9uIjoiMSJ9"
        }
      ]
    },
    {
      "mode": "managed",
      "type": "google_container_node_pool",
      "name": "garry-node_pool",
      "provider": "provider.google",
      "instances": [
        {
          "schema_version": 1,
          "attributes": {
            "autoscaling": [
              {
                "max_node_count": 3,
                "min_node_count": 1
              }
            ],
            "cluster": "k8s-platform",
            "id": "us-west1/k8s-platform/k8s-platform-pool",
            "initial_node_count": 1,
            "instance_group_urls": [
              "https://www.googleapis.com/compute/v1/projects/kuber-72586/zones/us-west1-c/instanceGroupManagers/gke-k8s-platform-k8s-platform-pool-0ad24dfe-grp",
              "https://www.googleapis.com/compute/v1/projects/kuber-72586/zones/us-west1-a/instanceGroupManagers/gke-k8s-platform-k8s-platform-pool-d7b5b1e7-grp",
              "https://www.googleapis.com/compute/v1/projects/kuber-72586/zones/us-west1-b/instanceGroupManagers/gke-k8s-platform-k8s-platform-pool-36d850b1-grp"
            ],
            "location": "us-west1",
            "management": [
              {
                "auto_repair": true,
                "auto_upgrade": true
              }
            ],
            "max_pods_per_node": null,
            "name": "k8s-platform-pool",
            "name_prefix": "",
            "node_config": [
              {
                "disk_size_gb": 20,
                "disk_type": "pd-standard",
                "guest_accelerator": [],
                "image_type": "COS",
                "labels": {},
                "local_ssd_count": 0,
                "machine_type": "g1-small",
                "metadata": {
                  "disable-legacy-endpoints": "true"
                },
                "min_cpu_platform": "",
                "oauth_scopes": [
                  "https://www.googleapis.com/auth/devstorage.read_only",
                  "https://www.googleapis.com/auth/logging.write",
                  "https://www.googleapis.com/auth/monitoring.write"
                ],
                "preemptible": false,
                "sandbox_config": [],
                "service_account": "default",
                "shielded_instance_config": [
                  {
                    "enable_integrity_monitoring": true,
                    "enable_secure_boot": false
                  }
                ],
                "tags": null,
                "taint": [],
                "workload_metadata_config": []
              }
            ],
            "node_count": 1,
            "project": "kuber-72586",
            "region": "us-west1",
            "timeouts": {
              "create": "60m",
              "delete": "60m",
              "update": "60m"
            },
            "version": "1.16.13-gke.1",
            "zone": null
          },
          "private": "eyJlMmJmYjczMC1lY2FhLTExZTYtOGY4OC0zNDM2M2JjN2M0YzAiOnsiY3JlYXRlIjozNjAwMDAwMDAwMDAwLCJkZWxldGUiOjM2MDAwMDAwMDAwMDAsInVwZGF0ZSI6MzYwMDAwMDAwMDAwMH0sInNjaGVtYV92ZXJzaW9uIjoiMSJ9",
          "dependencies": [
            "google_container_cluster.garry-cluster"
          ]
        }
      ]
    }
  ]
}
