{
  "version": 4,
  "terraform_version": "0.12.26",
  "serial": 15,
  "lineage": "5660f7d8-47c5-b9b6-5ec9-7665b3c68dc1",
  "outputs": {},
  "resources": [
    {
      "mode": "managed",
      "type": "google_container_cluster",
      "name": "cluster",
      "provider": "provider.google",
      "instances": [
        {
          "schema_version": 1,
          "attributes": {
            "additional_zones": [
              "us-west1-a",
              "us-west1-b",
              "us-west1-c"
            ],
            "addons_config": [
              {
                "horizontal_pod_autoscaling": [],
                "http_load_balancing": [],
                "kubernetes_dashboard": [
                  {
                    "disabled": true
                  }
                ],
                "network_policy_config": [
                  {
                    "disabled": false
                  }
                ]
              }
            ],
            "cluster_autoscaling": [],
            "cluster_ipv4_cidr": "10.24.0.0/14",
            "default_max_pods_per_node": null,
            "description": "",
            "enable_binary_authorization": null,
            "enable_intranode_visibility": null,
            "enable_kubernetes_alpha": false,
            "enable_legacy_abac": false,
            "enable_tpu": null,
            "endpoint": "34.83.114.183",
            "id": "k8s-platform",
            "initial_node_count": 1,
            "instance_group_urls": [],
            "ip_allocation_policy": [
              {
                "cluster_ipv4_cidr_block": "",
                "cluster_secondary_range_name": "",
                "create_subnetwork": false,
                "node_ipv4_cidr_block": "10.138.0.0/20",
                "services_ipv4_cidr_block": "",
                "services_secondary_range_name": "",
                "subnetwork_name": "",
                "use_ip_aliases": false
              }
            ],
            "location": "us-west1",
            "logging_service": "logging.googleapis.com/kubernetes",
            "maintenance_policy": [
              {
                "daily_maintenance_window": [
                  {
                    "duration": "PT4H0M0S",
                    "start_time": "04:00"
                  }
                ]
              }
            ],
            "master_auth": [
              {
                "client_certificate": "",
                "client_certificate_config": [
                  {
                    "issue_client_certificate": false
                  }
                ],
                "client_key": "",
                "cluster_ca_certificate": "LS0tLS1CRUdJTiBDRVJUSUZJQ0FURS0tLS0tCk1JSURDekNDQWZPZ0F3SUJBZ0lRR1VHYmt5MWVJK2k5WU9Mc01DWk41VEFOQmdrcWhraUc5dzBCQVFzRkFEQXYKTVMwd0t3WURWUVFERXlSa05HUTVOekJoTUMwMU5EZ3dMVFE0WkRjdE9URTJaUzAxTkRBeE5qWXdObVJoTm1RdwpIaGNOTWpBd09EQTNNRFExT1RFeFdoY05NalV3T0RBMk1EVTFPVEV4V2pBdk1TMHdLd1lEVlFRREV5UmtOR1E1Ck56QmhNQzAxTkRnd0xUUTRaRGN0T1RFMlpTMDFOREF4TmpZd05tUmhObVF3Z2dFaU1BMEdDU3FHU0liM0RRRUIKQVFVQUE0SUJEd0F3Z2dFS0FvSUJBUUNpY0FJQkpsaTBibG5SaXViVWNuZmFycmZ2VG90ZDUyVEd1d3V6UGhpZQpGRmJWWktOTUp2WGtPb3pkY1kzZ0U1NnRCLzFJZnNQcXFjK0lFMEtGYzZTR01JT0V2c0xNWFhuWnZwVGovYzA2CjVkVHdRSHY3dzA3aXUwWnFML1BIeWQrL21xVis1bEpQNUlxQjlJR2Q5TEtzZGlTbnhad09YTFZ4cVl0dHc1YzkKQ1ovSjVGWFdCdFhvOGk5SXB0WktGUTRtT0hHZ1ZYQndWREQ4TjJyVlJBZmNMbTdHSSt4VTQ4NTVWZFNGMDJvVAoyUElWL0RQMlZUaWxHMGsvL29LOGFRSG9CekxRZkI4N2FUbTM5SE5FTm5BQVExZkdKQXdRY3dsTGdCeXp5VGtQCitMVFpnTUhLTndmM0g5OHR0dlIrcmdtajhUWEx4cmpPVUxWcTNNRWhFSS9oQWdNQkFBR2pJekFoTUE0R0ExVWQKRHdFQi93UUVBd0lDQkRBUEJnTlZIUk1CQWY4RUJUQURBUUgvTUEwR0NTcUdTSWIzRFFFQkN3VUFBNElCQVFBOApJSHVKUzYraVdVSTJYeGJac2xzTjFlZ3FXUGNJR1c1UWdRYldFaURRNS9pZHlWOU1DVDZaSlhNbEhYeVFBeVVICll4Y1E1eStxN1l3NzNOK0IraGoxUnNNN3ZQZzYycW9UZXQrNXc3WERDVFZRMExhYVJ6N2VSRHNtUWhsSW5PWFAKeDRHODZ4YU9BZWVJRUt6OGE1M3lmenhhdk1ISVN4amRLbDUvU0FMRWk1TmVrd2N2OVFVNE5ZU21iZjJuTHIxMQpIYldLU3F0eVNFbUV5cGt2OFFqbFYyVUJ0QndIRldGVmVuU1JQNFdOQ0ZGbGI5RklmVzFoczNuTFlmR1NCYnhmCk9qTmpjcmpWNW05cXlXa3BNc2JHd0M0Z0tpMmtiZXlpMktVanZudFovRVQ2L3N0UUgybmNmMktPcW5WTzZEV1gKd0Zkb2RwNWZhV1lLY2tMSExRdncKLS0tLS1FTkQgQ0VSVElGSUNBVEUtLS0tLQo=",
                "password": "",
                "username": ""
              }
            ],
            "master_authorized_networks_config": [],
            "master_version": "1.16.13-gke.1",
            "min_master_version": "latest",
            "monitoring_service": "monitoring.googleapis.com/kubernetes",
            "name": "k8s-platform",
            "network": "projects/kuber-72586/global/networks/default",
            "network_policy": [
              {
                "enabled": true,
                "provider": "CALICO"
              }
            ],
            "node_config": [],
            "node_locations": [
              "us-west1-a",
              "us-west1-b",
              "us-west1-c"
            ],
            "node_pool": [],
            "node_version": "1.16.13-gke.1",
            "pod_security_policy_config": [],
            "private_cluster_config": [],
            "project": "kuber-72586",
            "region": "us-west1",
            "remove_default_node_pool": true,
            "resource_labels": null,
            "services_ipv4_cidr": "10.27.240.0/20",
            "subnetwork": "projects/kuber-72586/regions/us-west1/subnetworks/default",
            "timeouts": {
              "create": null,
              "delete": null,
              "update": "20m"
            },
            "zone": null
          },
          "private": "eyJlMmJmYjczMC1lY2FhLTExZTYtOGY4OC0zNDM2M2JjN2M0YzAiOnsiY3JlYXRlIjoxODAwMDAwMDAwMDAwLCJkZWxldGUiOjE4MDAwMDAwMDAwMDAsInVwZGF0ZSI6MTIwMDAwMDAwMDAwMH0sInNjaGVtYV92ZXJzaW9uIjoiMSJ9"
        }
      ]
    },
    {
      "mode": "managed",
      "type": "google_container_node_pool",
      "name": "node_pool",
      "provider": "provider.google",
      "instances": [
        {
          "schema_version": 1,
          "attributes": {
            "autoscaling": [
              {
                "max_node_count": 3,
                "min_node_count": 1
              }
            ],
            "cluster": "k8s-platform",
            "id": "us-west1/k8s-platform/k8s-platform-pool",
            "initial_node_count": 1,
            "instance_group_urls": [
              "https://www.googleapis.com/compute/v1/projects/kuber-72586/zones/us-west1-c/instanceGroupManagers/gke-k8s-platform-k8s-platform-pool-ab5cb45a-grp",
              "https://www.googleapis.com/compute/v1/projects/kuber-72586/zones/us-west1-a/instanceGroupManagers/gke-k8s-platform-k8s-platform-pool-a330e009-grp",
              "https://www.googleapis.com/compute/v1/projects/kuber-72586/zones/us-west1-b/instanceGroupManagers/gke-k8s-platform-k8s-platform-pool-5ad504b4-grp"
            ],
            "location": "us-west1",
            "management": [
              {
                "auto_repair": true,
                "auto_upgrade": true
              }
            ],
            "max_pods_per_node": null,
            "name": "k8s-platform-pool",
            "name_prefix": "",
            "node_config": [
              {
                "disk_size_gb": 20,
                "disk_type": "pd-standard",
                "guest_accelerator": [],
                "image_type": "COS",
                "labels": {},
                "local_ssd_count": 0,
                "machine_type": "g1-small",
                "metadata": {
                  "disable-legacy-endpoints": "true"
                },
                "min_cpu_platform": "",
                "oauth_scopes": [
                  "https://www.googleapis.com/auth/devstorage.read_only",
                  "https://www.googleapis.com/auth/monitoring.write"
                ],
                "preemptible": false,
                "sandbox_config": [],
                "service_account": "default",
                "shielded_instance_config": [
                  {
                    "enable_integrity_monitoring": true,
                    "enable_secure_boot": false
                  }
                ],
                "tags": null,
                "taint": [],
                "workload_metadata_config": []
              }
            ],
            "node_count": 1,
            "project": "kuber-72586",
            "region": "us-west1",
            "timeouts": {
              "create": "60m",
              "delete": "60m",
              "update": "60m"
            },
            "version": "1.16.13-gke.1",
            "zone": null
          },
          "private": "eyJlMmJmYjczMC1lY2FhLTExZTYtOGY4OC0zNDM2M2JjN2M0YzAiOnsiY3JlYXRlIjozNjAwMDAwMDAwMDAwLCJkZWxldGUiOjM2MDAwMDAwMDAwMDAsInVwZGF0ZSI6MzYwMDAwMDAwMDAwMH0sInNjaGVtYV92ZXJzaW9uIjoiMSJ9",
          "dependencies": [
            "google_container_cluster.cluster"
          ]
        }
      ]
    }
  ]
}
